
Microsoft Visual Studio Solution File, Format Version 12.00
# Visual Studio Version 17
VisualStudioVersion = 17.2.32602.215
MinimumVisualStudioVersion = 10.0.40219.1
Project("{9A19103F-16F7-4668-BE54-9A1E7A4F7556}") = "hw09.Task3", "hw09.Task3.csproj", "{5E74E6BE-03D1-44AE-A14A-65894FC809AA}"
EndProject
Global
	GlobalSection(SolutionConfigurationPlatforms) = preSolution
		Debug|Any CPU = Debug|Any CPU
		Release|Any CPU = Release|Any CPU
	EndGlobalSection
	GlobalSection(ProjectConfigurationPlatforms) = postSolution
		{5E74E6BE-03D1-44AE-A14A-65894FC809AA}.Debug|Any CPU.ActiveCfg = Debug|Any CPU
		{5E74E6BE-03D1-44AE-A14A-65894FC809AA}.Debug|Any CPU.Build.0 = Debug|Any CPU
		{5E74E6BE-03D1-44AE-A14A-65894FC809AA}.Release|Any CPU.ActiveCfg = Release|Any CPU
		{5E74E6BE-03D1-44AE-A14A-65894FC809AA}.Release|Any CPU.Build.0 = Release|Any CPU
	EndGlobalSection
	GlobalSection(SolutionProperties) = preSolution
		HideSolutionNode = FALSE
	EndGlobalSection
	GlobalSection(ExtensibilityGlobals) = postSolution
		SolutionGuid = {6B73F366-3E42-47CC-9203-638A1DEDF3B2}
	EndGlobalSection
EndGlobal
