
Microsoft Visual Studio Solution File, Format Version 12.00
# Visual Studio Version 17
VisualStudioVersion = 17.2.32602.215
MinimumVisualStudioVersion = 10.0.40219.1
Project("{9A19103F-16F7-4668-BE54-9A1E7A4F7556}") = "HW.06.Task1", "HW.06.Task1.csproj", "{48AEB05A-6340-470C-9915-9EB4404ABF75}"
EndProject
Project("{FAE04EC0-301F-11D3-BF4B-00C04F79EFBC}") = "HW.06.Task2", "..\HW.06.Task2\HW.06.Task2.csproj", "{808E674D-C49E-47F1-87D0-BD24C2D197B3}"
EndProject
Global
	GlobalSection(SolutionConfigurationPlatforms) = preSolution
		Debug|Any CPU = Debug|Any CPU
		Release|Any CPU = Release|Any CPU
	EndGlobalSection
	GlobalSection(ProjectConfigurationPlatforms) = postSolution
		{48AEB05A-6340-470C-9915-9EB4404ABF75}.Debug|Any CPU.ActiveCfg = Debug|Any CPU
		{48AEB05A-6340-470C-9915-9EB4404ABF75}.Debug|Any CPU.Build.0 = Debug|Any CPU
		{48AEB05A-6340-470C-9915-9EB4404ABF75}.Release|Any CPU.ActiveCfg = Release|Any CPU
		{48AEB05A-6340-470C-9915-9EB4404ABF75}.Release|Any CPU.Build.0 = Release|Any CPU
		{808E674D-C49E-47F1-87D0-BD24C2D197B3}.Debug|Any CPU.ActiveCfg = Debug|Any CPU
		{808E674D-C49E-47F1-87D0-BD24C2D197B3}.Debug|Any CPU.Build.0 = Debug|Any CPU
		{808E674D-C49E-47F1-87D0-BD24C2D197B3}.Release|Any CPU.ActiveCfg = Release|Any CPU
		{808E674D-C49E-47F1-87D0-BD24C2D197B3}.Release|Any CPU.Build.0 = Release|Any CPU
	EndGlobalSection
	GlobalSection(SolutionProperties) = preSolution
		HideSolutionNode = FALSE
	EndGlobalSection
	GlobalSection(ExtensibilityGlobals) = postSolution
		SolutionGuid = {A3BDF48C-82EA-4CD7-A77E-375E46BBE8C8}
	EndGlobalSection
EndGlobal
