
Microsoft Visual Studio Solution File, Format Version 12.00
# Visual Studio Version 17
VisualStudioVersion = 17.2.32602.215
MinimumVisualStudioVersion = 10.0.40219.1
Project("{9A19103F-16F7-4668-BE54-9A1E7A4F7556}") = "hw.08.Task1", "hw.08.Task1.csproj", "{DF3B0ED4-6FCD-44C8-B6DA-7B24D3CBA44E}"
EndProject
Global
	GlobalSection(SolutionConfigurationPlatforms) = preSolution
		Debug|Any CPU = Debug|Any CPU
		Release|Any CPU = Release|Any CPU
	EndGlobalSection
	GlobalSection(ProjectConfigurationPlatforms) = postSolution
		{DF3B0ED4-6FCD-44C8-B6DA-7B24D3CBA44E}.Debug|Any CPU.ActiveCfg = Debug|Any CPU
		{DF3B0ED4-6FCD-44C8-B6DA-7B24D3CBA44E}.Debug|Any CPU.Build.0 = Debug|Any CPU
		{DF3B0ED4-6FCD-44C8-B6DA-7B24D3CBA44E}.Release|Any CPU.ActiveCfg = Release|Any CPU
		{DF3B0ED4-6FCD-44C8-B6DA-7B24D3CBA44E}.Release|Any CPU.Build.0 = Release|Any CPU
	EndGlobalSection
	GlobalSection(SolutionProperties) = preSolution
		HideSolutionNode = FALSE
	EndGlobalSection
	GlobalSection(ExtensibilityGlobals) = postSolution
		SolutionGuid = {44996542-61EC-4C93-BB3F-138972BFAEA0}
	EndGlobalSection
EndGlobal
