
Microsoft Visual Studio Solution File, Format Version 12.00
# Visual Studio Version 17
VisualStudioVersion = 17.2.32602.215
MinimumVisualStudioVersion = 10.0.40219.1
Project("{9A19103F-16F7-4668-BE54-9A1E7A4F7556}") = "hw.11", "hw.11.csproj", "{8DB411FC-15EC-4E17-9277-629724EDCD93}"
EndProject
Global
	GlobalSection(SolutionConfigurationPlatforms) = preSolution
		Debug|Any CPU = Debug|Any CPU
		Release|Any CPU = Release|Any CPU
	EndGlobalSection
	GlobalSection(ProjectConfigurationPlatforms) = postSolution
		{8DB411FC-15EC-4E17-9277-629724EDCD93}.Debug|Any CPU.ActiveCfg = Debug|Any CPU
		{8DB411FC-15EC-4E17-9277-629724EDCD93}.Debug|Any CPU.Build.0 = Debug|Any CPU
		{8DB411FC-15EC-4E17-9277-629724EDCD93}.Release|Any CPU.ActiveCfg = Release|Any CPU
		{8DB411FC-15EC-4E17-9277-629724EDCD93}.Release|Any CPU.Build.0 = Release|Any CPU
	EndGlobalSection
	GlobalSection(SolutionProperties) = preSolution
		HideSolutionNode = FALSE
	EndGlobalSection
	GlobalSection(ExtensibilityGlobals) = postSolution
		SolutionGuid = {D584FCEA-6459-4884-A5F3-30776235AE7F}
	EndGlobalSection
EndGlobal
