
Microsoft Visual Studio Solution File, Format Version 12.00
# Visual Studio Version 17
VisualStudioVersion = 17.2.32602.215
MinimumVisualStudioVersion = 10.0.40219.1
Project("{9A19103F-16F7-4668-BE54-9A1E7A4F7556}") = "HW04.Operators2", "HW04.Operators2.csproj", "{99A4B431-91F7-4F64-B7AB-57A1391B2E1D}"
EndProject
Project("{FAE04EC0-301F-11D3-BF4B-00C04F79EFBC}") = "HW04.Operators3", "..\HW04.Operators3\HW04.Operators3.csproj", "{413B0F7F-0F19-4BA1-931F-070DD46F0653}"
EndProject
Global
	GlobalSection(SolutionConfigurationPlatforms) = preSolution
		Debug|Any CPU = Debug|Any CPU
		Release|Any CPU = Release|Any CPU
	EndGlobalSection
	GlobalSection(ProjectConfigurationPlatforms) = postSolution
		{99A4B431-91F7-4F64-B7AB-57A1391B2E1D}.Debug|Any CPU.ActiveCfg = Debug|Any CPU
		{99A4B431-91F7-4F64-B7AB-57A1391B2E1D}.Debug|Any CPU.Build.0 = Debug|Any CPU
		{99A4B431-91F7-4F64-B7AB-57A1391B2E1D}.Release|Any CPU.ActiveCfg = Release|Any CPU
		{99A4B431-91F7-4F64-B7AB-57A1391B2E1D}.Release|Any CPU.Build.0 = Release|Any CPU
		{413B0F7F-0F19-4BA1-931F-070DD46F0653}.Debug|Any CPU.ActiveCfg = Debug|Any CPU
		{413B0F7F-0F19-4BA1-931F-070DD46F0653}.Debug|Any CPU.Build.0 = Debug|Any CPU
		{413B0F7F-0F19-4BA1-931F-070DD46F0653}.Release|Any CPU.ActiveCfg = Release|Any CPU
		{413B0F7F-0F19-4BA1-931F-070DD46F0653}.Release|Any CPU.Build.0 = Release|Any CPU
	EndGlobalSection
	GlobalSection(SolutionProperties) = preSolution
		HideSolutionNode = FALSE
	EndGlobalSection
	GlobalSection(ExtensibilityGlobals) = postSolution
		SolutionGuid = {B71866ED-73D6-4ABB-B09E-4589F065B677}
	EndGlobalSection
EndGlobal
