
Microsoft Visual Studio Solution File, Format Version 12.00
# Visual Studio Version 17
VisualStudioVersion = 17.2.32602.215
MinimumVisualStudioVersion = 10.0.40219.1
Project("{FAE04EC0-301F-11D3-BF4B-00C04F79EFBC}") = "HW.05", "HW.05\HW.05.csproj", "{A98D920B-3FB0-41E9-976B-FEC3772F8A64}"
EndProject
Global
	GlobalSection(SolutionConfigurationPlatforms) = preSolution
		Debug|Any CPU = Debug|Any CPU
		Release|Any CPU = Release|Any CPU
	EndGlobalSection
	GlobalSection(ProjectConfigurationPlatforms) = postSolution
		{A98D920B-3FB0-41E9-976B-FEC3772F8A64}.Debug|Any CPU.ActiveCfg = Debug|Any CPU
		{A98D920B-3FB0-41E9-976B-FEC3772F8A64}.Debug|Any CPU.Build.0 = Debug|Any CPU
		{A98D920B-3FB0-41E9-976B-FEC3772F8A64}.Release|Any CPU.ActiveCfg = Release|Any CPU
		{A98D920B-3FB0-41E9-976B-FEC3772F8A64}.Release|Any CPU.Build.0 = Release|Any CPU
	EndGlobalSection
	GlobalSection(SolutionProperties) = preSolution
		HideSolutionNode = FALSE
	EndGlobalSection
	GlobalSection(ExtensibilityGlobals) = postSolution
		SolutionGuid = {FEE11673-E8F0-4E18-8737-933842312220}
	EndGlobalSection
EndGlobal
